
Microsoft Visual Studio Solution File, Format Version 12.00
# Visual Studio Version 17
VisualStudioVersion = 17.6.33815.320
MinimumVisualStudioVersion = 10.0.40219.1
Project("{FAE04EC0-301F-11D3-BF4B-00C04F79EFBC}") = "PrviTask", "PrviTask.csproj", "{7FF90FAE-27A4-4445-9370-AF5863669BCF}"
EndProject
Global
	GlobalSection(SolutionConfigurationPlatforms) = preSolution
		Debug|Any CPU = Debug|Any CPU
		Release|Any CPU = Release|Any CPU
	EndGlobalSection
	GlobalSection(ProjectConfigurationPlatforms) = postSolution
		{7FF90FAE-27A4-4445-9370-AF5863669BCF}.Debug|Any CPU.ActiveCfg = Debug|Any CPU
		{7FF90FAE-27A4-4445-9370-AF5863669BCF}.Debug|Any CPU.Build.0 = Debug|Any CPU
		{7FF90FAE-27A4-4445-9370-AF5863669BCF}.Release|Any CPU.ActiveCfg = Release|Any CPU
		{7FF90FAE-27A4-4445-9370-AF5863669BCF}.Release|Any CPU.Build.0 = Release|Any CPU
	EndGlobalSection
	GlobalSection(SolutionProperties) = preSolution
		HideSolutionNode = FALSE
	EndGlobalSection
	GlobalSection(ExtensibilityGlobals) = postSolution
		SolutionGuid = {C11A9FB2-156E-4EE3-8473-F585CE256462}
	EndGlobalSection
EndGlobal
